
Microsoft Visual Studio Solution File, Format Version 12.00
# Visual Studio Version 17
VisualStudioVersion = 17.0.31903.59
MinimumVisualStudioVersion = 10.0.40219.1
Project("{FAE04EC0-301F-11D3-BF4B-00C04F79EFBC}") = "Elpris", "Elpris\Elpris.csproj", "{02131949-B567-4211-B751-AEED1B811D05}"
EndProject
Global
	GlobalSection(SolutionConfigurationPlatforms) = preSolution
		Debug|Any CPU = Debug|Any CPU
		Release|Any CPU = Release|Any CPU
	EndGlobalSection
	GlobalSection(ProjectConfigurationPlatforms) = postSolution
		{02131949-B567-4211-B751-AEED1B811D05}.Debug|Any CPU.ActiveCfg = Debug|Any CPU
		{02131949-B567-4211-B751-AEED1B811D05}.Debug|Any CPU.Build.0 = Debug|Any CPU
		{02131949-B567-4211-B751-AEED1B811D05}.Release|Any CPU.ActiveCfg = Release|Any CPU
		{02131949-B567-4211-B751-AEED1B811D05}.Release|Any CPU.Build.0 = Release|Any CPU
	EndGlobalSection
	GlobalSection(SolutionProperties) = preSolution
		HideSolutionNode = FALSE
	EndGlobalSection
	GlobalSection(ExtensibilityGlobals) = postSolution
		SolutionGuid = {F6AF089A-4D58-4532-8985-E5E1F9CB182A}
	EndGlobalSection
EndGlobal
